
Microsoft Visual Studio Solution File, Format Version 12.00
# Visual Studio Version 16
VisualStudioVersion = 16.0.31205.134
MinimumVisualStudioVersion = 10.0.40219.1
Project("{FAE04EC0-301F-11D3-BF4B-00C04F79EFBC}") = "Exercise56Part2", "Exercise56Part2.csproj", "{0949243B-0432-44C5-A55A-F33B5D41EC67}"
EndProject
Global
	GlobalSection(SolutionConfigurationPlatforms) = preSolution
		Debug|Any CPU = Debug|Any CPU
		Release|Any CPU = Release|Any CPU
	EndGlobalSection
	GlobalSection(ProjectConfigurationPlatforms) = postSolution
		{0949243B-0432-44C5-A55A-F33B5D41EC67}.Debug|Any CPU.ActiveCfg = Debug|Any CPU
		{0949243B-0432-44C5-A55A-F33B5D41EC67}.Debug|Any CPU.Build.0 = Debug|Any CPU
		{0949243B-0432-44C5-A55A-F33B5D41EC67}.Release|Any CPU.ActiveCfg = Release|Any CPU
		{0949243B-0432-44C5-A55A-F33B5D41EC67}.Release|Any CPU.Build.0 = Release|Any CPU
	EndGlobalSection
	GlobalSection(SolutionProperties) = preSolution
		HideSolutionNode = FALSE
	EndGlobalSection
	GlobalSection(ExtensibilityGlobals) = postSolution
		SolutionGuid = {5B91BAA4-2C84-4178-87C6-41CD1497A52A}
	EndGlobalSection
EndGlobal
